<?xml version="1.0" encoding="utf-8"?>
<Project ToolsVersion="4.0" xmlns="http://schemas.microsoft.com/developer/msbuild/2003">
  <ItemGroup>
    <Filter Include="emubase">
      <UniqueIdentifier>{fb584bd0-9022-44db-b6b6-d7e37388b25b}</UniqueIdentifier>
    </Filter>
    <Filter Include="res">
      <UniqueIdentifier>{1a235fe5-0059-486f-b9ae-d358d4c5a099}</UniqueIdentifier>
    </Filter>
    <Filter Include="util">
      <UniqueIdentifier>{e47d5ef0-71da-4a2c-9d4a-944dd3706e22}</UniqueIdentifier>
    </Filter>
  </ItemGroup>
  <ItemGroup>
    <ClCompile Include="emubase\Board.cpp">
      <Filter>emubase</Filter>
    </ClCompile>
    <ClCompile Include="emubase\Disasm.cpp">
      <Filter>emubase</Filter>
    </ClCompile>
    <ClCompile Include="emubase\Floppy.cpp">
      <Filter>emubase</Filter>
    </ClCompile>
    <ClCompile Include="emubase\Hard.cpp">
      <Filter>emubase</Filter>
    </ClCompile>
    <ClCompile Include="emubase\Memory.cpp">
      <Filter>emubase</Filter>
    </ClCompile>
    <ClCompile Include="emubase\Processor.cpp">
      <Filter>emubase</Filter>
    </ClCompile>
    <ClCompile Include="util\BitmapFile.cpp">
      <Filter>util</Filter>
    </ClCompile>
    <ClCompile Include="util\WavPcmFile.cpp">
      <Filter>util</Filter>
    </ClCompile>
    <ClCompile Include="Common.cpp" />
    <ClCompile Include="ConsoleView.cpp" />
    <ClCompile Include="DebugView.cpp" />
    <ClCompile Include="Dialogs.cpp" />
    <ClCompile Include="DisasmView.cpp" />
    <ClCompile Include="Emulator.cpp" />
    <ClCompile Include="KeyboardView.cpp" />
    <ClCompile Include="MainWindow.cpp" />
    <ClCompile Include="MemoryView.cpp" />
    <ClCompile Include="ScreenView.cpp" />
    <ClCompile Include="Settings.cpp" />
    <ClCompile Include="SoundGen.cpp" />
    <ClCompile Include="stdafx.cpp" />
    <ClCompile Include="TapeView.cpp" />
    <ClCompile Include="ToolWindow.cpp" />
    <ClCompile Include="Main.cpp" />
    <ClCompile Include="SpriteView.cpp" />
    <ClCompile Include="emubase\SoundAY.cpp">
      <Filter>emubase</Filter>
    </ClCompile>
  </ItemGroup>
  <ItemGroup>
    <ClInclude Include="emubase\Board.h">
      <Filter>emubase</Filter>
    </ClInclude>
    <ClInclude Include="emubase\Defines.h">
      <Filter>emubase</Filter>
    </ClInclude>
    <ClInclude Include="emubase\Emubase.h">
      <Filter>emubase</Filter>
    </ClInclude>
    <ClInclude Include="emubase\Memory.h">
      <Filter>emubase</Filter>
    </ClInclude>
    <ClInclude Include="emubase\Processor.h">
      <Filter>emubase</Filter>
    </ClInclude>
    <ClInclude Include="Resource.h">
      <Filter>res</Filter>
    </ClInclude>
    <ClInclude Include="util\BitmapFile.h">
      <Filter>util</Filter>
    </ClInclude>
    <ClInclude Include="util\WavPcmFile.h">
      <Filter>util</Filter>
    </ClInclude>
    <ClInclude Include="Common.h" />
    <ClInclude Include="Dialogs.h" />
    <ClInclude Include="Emulator.h" />
    <ClInclude Include="SoundGen.h" />
    <ClInclude Include="stdafx.h" />
    <ClInclude Include="ToolWindow.h" />
    <ClInclude Include="Views.h" />
    <ClInclude Include="Main.h" />
  </ItemGroup>
  <ItemGroup>
    <Image Include="res\diskette.ico">
      <Filter>res</Filter>
    </Image>
    <Image Include="res\diskettewp.ico">
      <Filter>res</Filter>
    </Image>
    <Image Include="res\keyboard.bmp">
      <Filter>res</Filter>
    </Image>
    <Image Include="res\keyboardmask.bmp">
      <Filter>res</Filter>
    </Image>
    <Image Include="res\small.ico">
      <Filter>res</Filter>
    </Image>
    <Image Include="res\Toolbar.bmp">
      <Filter>res</Filter>
    </Image>
    <Image Include="res\UKNC.bmp">
      <Filter>res</Filter>
    </Image>
    <Image Include="res\UKNCBTL.ico">
      <Filter>res</Filter>
    </Image>
  </ItemGroup>
  <ItemGroup>
    <Xml Include="manifest.xml">
      <Filter>res</Filter>
    </Xml>
  </ItemGroup>
  <ItemGroup>
    <None Include="res\uknc_rom.bin">
      <Filter>res</Filter>
    </None>
    <None Include="Version.tpl" />
  </ItemGroup>
  <ItemGroup>
    <ResourceCompile Include="res\UKNCBTL.rc">
      <Filter>res</Filter>
    </ResourceCompile>
  </ItemGroup>
</Project>